
Microsoft Visual Studio Solution File, Format Version 12.00
# Visual Studio Version 17
VisualStudioVersion = 17.4.33213.308
MinimumVisualStudioVersion = 10.0.40219.1
Project("{2150E333-8FDC-42A3-9474-1A3956D46DE8}") = "3 - Themes", "3 - Themes", "{64C710EF-95D0-4811-A72E-58B2AC79E2B8}"
EndProject
Project("{2150E333-8FDC-42A3-9474-1A3956D46DE8}") = "2 - Datas", "2 - Datas", "{203DE0AB-C024-4C35-8D50-9EA0720F7CE4}"
EndProject
Project("{9A19103F-16F7-4668-BE54-9A1E7A4F7556}") = "H.Extensions.ApplicationBase", "Source\Extensions\H.Extensions.ApplicationBase\H.Extensions.ApplicationBase.csproj", "{44BC83C0-C598-47D6-8C55-243942C42B67}"
EndProject
Project("{2150E333-8FDC-42A3-9474-1A3956D46DE8}") = "4 - Extensions", "4 - Extensions", "{09F8FD00-E76A-4D72-AAB4-7FA06DBE12D4}"
EndProject
Project("{2150E333-8FDC-42A3-9474-1A3956D46DE8}") = "5 - Providers", "5 - Providers", "{93892A11-5FF0-4EB2-AA73-F330E1F9515E}"
EndProject
Project("{2150E333-8FDC-42A3-9474-1A3956D46DE8}") = "3 - Controls", "3 - Controls", "{9E63ED70-6F96-4CB2-8B9D-EAEC77D0548E}"
EndProject
Project("{2150E333-8FDC-42A3-9474-1A3956D46DE8}") = "2 - Windows", "2 - Windows", "{281CB212-771A-413C-B839-2852631897FD}"
EndProject
Project("{9A19103F-16F7-4668-BE54-9A1E7A4F7556}") = "H.Windows.Main", "Source\Windows\H.Windows.Main\H.Windows.Main.csproj", "{2E2B7135-5142-4AAD-950F-9197A5E3D7F3}"
EndProject
Project("{9A19103F-16F7-4668-BE54-9A1E7A4F7556}") = "H.Windows.Dialog", "Source\Windows\H.Windows.Dialog\H.Windows.Dialog.csproj", "{8728250D-2B34-40DB-9B33-78A67C8E4254}"
EndProject
Project("{2150E333-8FDC-42A3-9474-1A3956D46DE8}") = "2 - Modules", "2 - Modules", "{27F6EA0F-3811-4403-9599-3B436A5EC502}"
EndProject
Project("{9A19103F-16F7-4668-BE54-9A1E7A4F7556}") = "H.Modules.Login", "Source\Modules\H.Modules.Login\H.Modules.Login.csproj", "{8A21BE93-0281-4CC8-9854-E516545D0EF5}"
EndProject
Project("{9A19103F-16F7-4668-BE54-9A1E7A4F7556}") = "H.Modules.SplashScreen", "Source\Modules\H.Modules.SplashScreen\H.Modules.SplashScreen.csproj", "{56DBA47A-2B49-480E-A846-C1BC4CAF0BFF}"
EndProject
Project("{9A19103F-16F7-4668-BE54-9A1E7A4F7556}") = "H.Providers.Ioc", "Source\Providers\H.Providers.Ioc\H.Providers.Ioc.csproj", "{EF7418AD-3869-476B-904D-94C975C167D4}"
EndProject
Project("{9A19103F-16F7-4668-BE54-9A1E7A4F7556}") = "H.Themes.Default", "Source\Themes\H.Themes.Default\H.Themes.Default.csproj", "{D46F802B-E40C-48F8-8253-B5C4826F9836}"
EndProject
Project("{9A19103F-16F7-4668-BE54-9A1E7A4F7556}") = "H.Data.Test", "Source\Datas\H.Data.Test\H.Data.Test.csproj", "{4AD4D6A4-5D5D-4922-8FDF-9B47142E5CFF}"
EndProject
Project("{9A19103F-16F7-4668-BE54-9A1E7A4F7556}") = "H.Modules.About", "Source\Modules\H.Modules.About\H.Modules.About.csproj", "{ACF03BA8-7B19-4210-B441-602133D0A43B}"
EndProject
Project("{9A19103F-16F7-4668-BE54-9A1E7A4F7556}") = "H.Providers.Mvvm", "Source\Providers\H.Providers.Mvvm\H.Providers.Mvvm.csproj", "{AF5CF051-DFAB-4724-9E40-D90E3D5F03B7}"
EndProject
Project("{9A19103F-16F7-4668-BE54-9A1E7A4F7556}") = "H.Extensions.Common", "Source\Extensions\H.Extensions.Common\H.Extensions.Common.csproj", "{278A266F-4D99-41FC-937F-B14084A61E6C}"
EndProject
Project("{9A19103F-16F7-4668-BE54-9A1E7A4F7556}") = "H.Controls.Form", "Source\Controls\H.Controls.Form\H.Controls.Form.csproj", "{D34B214A-3946-4A4E-83C4-57501CABB8BC}"
EndProject
Project("{9A19103F-16F7-4668-BE54-9A1E7A4F7556}") = "H.Controls.PropertyGrid", "Source\Controls\H.Controls.PropertyGrid\H.Controls.PropertyGrid.csproj", "{5EF118A3-1FDD-48DF-AF0E-16F1470C9011}"
EndProject
Project("{2150E333-8FDC-42A3-9474-1A3956D46DE8}") = "3 - Presenters", "3 - Presenters", "{B5FE7036-B316-4FC3-81E8-00BD6C76784D}"
EndProject
Project("{9A19103F-16F7-4668-BE54-9A1E7A4F7556}") = "H.Presenters.Common", "Source\Presenters\H.Presenters.Common\H.Presenters.Common.csproj", "{23A60556-25A8-40A1-8E51-6124CD1E1D91}"
EndProject
Project("{9A19103F-16F7-4668-BE54-9A1E7A4F7556}") = "H.Controls.NavigationBox", "Source\Controls\H.Controls.NavigationBox\H.Controls.NavigationBox.csproj", "{357FE1B4-44A1-4C70-8343-FB2E7A01B375}"
EndProject
Project("{9A19103F-16F7-4668-BE54-9A1E7A4F7556}") = "H.Modules.Setting", "Source\Modules\H.Modules.Setting\H.Modules.Setting.csproj", "{AAF5285C-F9B7-497D-9DDC-127BB1F35823}"
EndProject
Project("{9A19103F-16F7-4668-BE54-9A1E7A4F7556}") = "H.Extensions.Setting", "Source\Extensions\H.Extensions.Setting\H.Extensions.Setting.csproj", "{C53C2218-717F-4E4E-9F14-0F5690149909}"
EndProject
Project("{2150E333-8FDC-42A3-9474-1A3956D46DE8}") = "2 - DataBases", "2 - DataBases", "{9B3B0248-156A-4E40-AF67-7537BBD5BF13}"
EndProject
Project("{D954291E-2A0B-460D-934E-DC6B0785DB48}") = "H.DataBases.Share", "Source\DataBases\H.DataBases.Share\H.DataBases.Share.shproj", "{57A367B1-94F1-4131-B593-46BE2CD7C1C0}"
EndProject
Project("{9A19103F-16F7-4668-BE54-9A1E7A4F7556}") = "H.DataBases.Sqlite", "Source\DataBases\H.DataBases.Sqlite\H.DataBases.Sqlite.csproj", "{B985A54F-BCDF-48B9-9526-A0209673CB10}"
EndProject
Project("{9A19103F-16F7-4668-BE54-9A1E7A4F7556}") = "H.Controls.ProgressButton", "Source\Controls\H.Controls.ProgressButton\H.Controls.ProgressButton.csproj", "{438B1CE6-596A-4165-BFCE-00228CCF5709}"
EndProject
Project("{9A19103F-16F7-4668-BE54-9A1E7A4F7556}") = "H.DataBases.SqlServer", "Source\DataBases\H.DataBases.SqlServer\H.DataBases.SqlServer.csproj", "{77D32129-E4AA-48FC-8896-E2EAD9BF96F1}"
EndProject
Project("{9A19103F-16F7-4668-BE54-9A1E7A4F7556}") = "H.Extensions.ViewModel", "Source\Extensions\H.Extensions.ViewModel\H.Extensions.ViewModel.csproj", "{9199E209-D3CA-4231-A969-B5E98C60AA08}"
EndProject
Project("{9A19103F-16F7-4668-BE54-9A1E7A4F7556}") = "H.Extensions.Behvaiors", "Source\Extensions\H.Extensions.Behvaiors\H.Extensions.Behvaiors.csproj", "{BC789E6F-F6E3-4940-88F7-B604D483AFB1}"
EndProject
Project("{9A19103F-16F7-4668-BE54-9A1E7A4F7556}") = "H.Presenters.Repository", "Source\Presenters\H.Presenters.Repository\H.Presenters.Repository.csproj", "{323EF8C2-1B1F-4887-BF16-47C08B3AB614}"
EndProject
Project("{9A19103F-16F7-4668-BE54-9A1E7A4F7556}") = "H.Controls.RepositoryBox", "Source\Controls\H.Controls.RepositoryBox\H.Controls.RepositoryBox.csproj", "{6D046609-E0F5-42B6-B46F-55134FCD5934}"
EndProject
Project("{2150E333-8FDC-42A3-9474-1A3956D46DE8}") = "3 - Styles", "3 - Styles", "{E7DACF41-3711-495C-A159-B30213B3CA3D}"
EndProject
Project("{9A19103F-16F7-4668-BE54-9A1E7A4F7556}") = "H.Styles.Default", "Source\Styles\H.Styles.Default\H.Styles.Default.csproj", "{2BC59AD9-EBFC-4D1A-AF8C-C1516E903760}"
EndProject
Project("{9A19103F-16F7-4668-BE54-9A1E7A4F7556}") = "H.Modules.Theme", "Source\Modules\H.Modules.Theme\H.Modules.Theme.csproj", "{22F4046B-62DA-4C26-A56A-B078BB5311AC}"
EndProject
Project("{9A19103F-16F7-4668-BE54-9A1E7A4F7556}") = "H.Extensions.TypeConverter", "Source\Extensions\H.Extensions.TypeConverter\H.Extensions.TypeConverter.csproj", "{E6E7796A-122F-496F-AB69-4A95F1A30BF8}"
EndProject
Project("{9A19103F-16F7-4668-BE54-9A1E7A4F7556}") = "H.Extensions.ValueConverter", "Source\Extensions\H.Extensions.ValueConverter\H.Extensions.ValueConverter.csproj", "{9DAF1181-3E64-4B12-896D-B07209072EF2}"
EndProject
Project("{9A19103F-16F7-4668-BE54-9A1E7A4F7556}") = "H.Extensions.MarkupExtension", "Source\Extensions\H.Extensions.MarkupExtension\H.Extensions.MarkupExtension.csproj", "{5D089BCB-131D-4B5C-842E-C60C3E403B70}"
EndProject
Project("{9A19103F-16F7-4668-BE54-9A1E7A4F7556}") = "H.Extensions.Attach", "Source\Extensions\H.Extensions.Attach\H.Extensions.Attach.csproj", "{C4A54372-252A-4C32-819E-480D418967C7}"
EndProject
Project("{9A19103F-16F7-4668-BE54-9A1E7A4F7556}") = "H.Extensions.Command", "Source\Extensions\H.Extensions.Command\H.Extensions.Command.csproj", "{00840167-6949-4BDD-BF5E-FC78FF0190F6}"
EndProject
Project("{9A19103F-16F7-4668-BE54-9A1E7A4F7556}") = "H.Controls.Dock", "Source\Controls\H.Controls.Dock\H.Controls.Dock.csproj", "{2DB3B438-B8F3-4D43-93ED-1DB6E94EEEA8}"
EndProject
Project("{9A19103F-16F7-4668-BE54-9A1E7A4F7556}") = "H.Controls.OutlookBar", "Source\Controls\H.Controls.OutlookBar\H.Controls.OutlookBar.csproj", "{1AE0A6D5-4058-45AF-ADD1-964217A69E08}"
EndProject
Project("{9A19103F-16F7-4668-BE54-9A1E7A4F7556}") = "H.Windows.Ribbon", "Source\Windows\H.Windows.Ribbon\H.Windows.Ribbon.csproj", "{FD46B6AD-7614-4503-BF9A-20F0BF158A4E}"
EndProject
Project("{9A19103F-16F7-4668-BE54-9A1E7A4F7556}") = "H.Controls.HorseTextBlock", "Source\Controls\H.Controls.HorseTextBlock\H.Controls.HorseTextBlock.csproj", "{8470E92D-AB74-4A7D-9415-FDF560B25E41}"
EndProject
Project("{9A19103F-16F7-4668-BE54-9A1E7A4F7556}") = "H.Controls.GridSplitterBox", "Source\Controls\H.Controls.GridSplitterBox\H.Controls.GridSplitterBox.csproj", "{183CE3D1-BAC8-40E1-9531-9448F39D510C}"
EndProject
Project("{9A19103F-16F7-4668-BE54-9A1E7A4F7556}") = "H.Controls.FilterBox", "Source\Controls\H.Controls.FilterBox\H.Controls.FilterBox.csproj", "{2F0D8537-14D7-4520-A18C-A279675E67DD}"
EndProject
Project("{9A19103F-16F7-4668-BE54-9A1E7A4F7556}") = "H.Extensions.Geometry", "Source\Extensions\H.Extensions.Geometry\H.Extensions.Geometry.csproj", "{85D2A482-92C3-4F96-9A9A-6D3D41F855B3}"
EndProject
Project("{9A19103F-16F7-4668-BE54-9A1E7A4F7556}") = "H.Modules.Identity", "Source\Modules\H.Modules.Identity\H.Modules.Identity.csproj", "{A2C0116D-C9FD-43CB-A8DC-A2CAB95A5CC0}"
EndProject
Project("{9A19103F-16F7-4668-BE54-9A1E7A4F7556}") = "H.Modules.Operation", "Source\Modules\H.Modules.Operation\H.Modules.Operation.csproj", "{14FDBE70-7A65-4760-992C-4A06031796FA}"
EndProject
Project("{9A19103F-16F7-4668-BE54-9A1E7A4F7556}") = "H.Extensions.BackgroundImage", "Source\Extensions\H.Extensions.BackgroundImage\H.Extensions.BackgroundImage.csproj", "{66E37C42-2D95-45C9-8A80-8154209290DF}"
EndProject
Project("{9A19103F-16F7-4668-BE54-9A1E7A4F7556}") = "H.Controls.Chart2D", "Source\Controls\H.Controls.Chart2D\H.Controls.Chart2D.csproj", "{01E2ABAF-2D65-480A-95E6-A30B1ECF0190}"
EndProject
Project("{9A19103F-16F7-4668-BE54-9A1E7A4F7556}") = "H.Extensions.StoryBoard", "Source\Extensions\H.Extensions.StoryBoard\H.Extensions.StoryBoard.csproj", "{765FD9AC-AAF0-4EE0-92EA-1351C4A66363}"
EndProject
Project("{9A19103F-16F7-4668-BE54-9A1E7A4F7556}") = "H.Controls.ZoomBox", "Source\Controls\H.Controls.ZoomBox\H.Controls.ZoomBox.csproj", "{103800A6-D5F1-4024-AB2E-660A887EFF8B}"
EndProject
Project("{9A19103F-16F7-4668-BE54-9A1E7A4F7556}") = "H.Controls.Diagram", "Source\Controls\H.Controls.Diagram\H.Controls.Diagram.csproj", "{4A06E3CB-8526-4F56-91D9-7AA75956FC54}"
EndProject
Project("{9A19103F-16F7-4668-BE54-9A1E7A4F7556}") = "H.Controls.Adorner", "Source\Controls\H.Controls.Adorner\H.Controls.Adorner.csproj", "{F1AF2F97-9746-455B-9F2D-9D886A5D43BF}"
EndProject
Project("{9A19103F-16F7-4668-BE54-9A1E7A4F7556}") = "H.Controls.Diagram.Extension", "Source\Controls\H.Controls.Diagram.Extension\H.Controls.Diagram.Extension.csproj", "{49C5D70F-C0BC-4733-ACAF-B434B1540077}"
EndProject
Project("{9A19103F-16F7-4668-BE54-9A1E7A4F7556}") = "H.Controls.Diagram.Extensions.Workflow", "Source\Controls\H.Controls.Diagram.Extensions.Workflow\H.Controls.Diagram.Extensions.Workflow.csproj", "{6ED5EB10-CBCF-4A7C-81A4-3B52C32DB7A8}"
EndProject
Project("{9A19103F-16F7-4668-BE54-9A1E7A4F7556}") = "H.Extensions.Revertible", "Source\Extensions\H.Extensions.Revertible\H.Extensions.Revertible.csproj", "{D72BED3C-0AAD-45A2-BCEB-36224FA517F4}"
EndProject
Project("{9A19103F-16F7-4668-BE54-9A1E7A4F7556}") = "H.Extensions.Log4net", "Source\Extensions\H.Extensions.Log4net\H.Extensions.Log4net.csproj", "{C5C407A4-163F-4C9C-BDD1-2C60F69D796C}"
EndProject
Project("{9A19103F-16F7-4668-BE54-9A1E7A4F7556}") = "H.Modules.Upgrade", "Source\Modules\H.Modules.Upgrade\H.Modules.Upgrade.csproj", "{151DB7CB-AC0D-459C-9F64-A108BB606095}"
EndProject
Project("{9A19103F-16F7-4668-BE54-9A1E7A4F7556}") = "H.Extensions.Tree", "Source\Extensions\H.Extensions.Tree\H.Extensions.Tree.csproj", "{FEAC99AF-1A18-460C-A592-D4623216B219}"
EndProject
Project("{9A19103F-16F7-4668-BE54-9A1E7A4F7556}") = "H.Themes.Colors.Purple", "Source\Themes\H.Themes.Colors.Purple\H.Themes.Colors.Purple.csproj", "{5321A0D8-2231-4E28-BB95-8B7E8FFC897D}"
EndProject
Project("{9A19103F-16F7-4668-BE54-9A1E7A4F7556}") = "H.Themes.Colors.Gray", "Source\Themes\H.Themes.Colors.Gray\H.Themes.Colors.Gray.csproj", "{99855F39-D134-44E9-AFB4-E4F28BB6F62D}"
EndProject
Project("{9A19103F-16F7-4668-BE54-9A1E7A4F7556}") = "H.Themes.Colors.Accent", "Source\Themes\H.Themes.Colors.Accent\H.Themes.Colors.Accent.csproj", "{42639F78-5C5A-439C-8213-DC51685B7941}"
EndProject
Project("{9A19103F-16F7-4668-BE54-9A1E7A4F7556}") = "H.Modules.Messages.Dialog", "Source\Modules\H.Modules.Messages.Dialog\H.Modules.Messages.Dialog.csproj", "{6A487FB0-9098-4D61-A7CA-A07B10163DCA}"
EndProject
Project("{9A19103F-16F7-4668-BE54-9A1E7A4F7556}") = "H.Modules.Messages.Notice", "Source\Modules\H.Modules.Messages.Notice\H.Modules.Messages.Notice.csproj", "{45831782-ECE2-44B7-9294-CCEBD0B24E4A}"
EndProject
Project("{9A19103F-16F7-4668-BE54-9A1E7A4F7556}") = "H.Modules.Messages.Form", "Source\Modules\H.Modules.Messages.Form\H.Modules.Messages.Form.csproj", "{CCDA4DD8-D9DC-4575-B63F-CD27EBF52ACE}"
EndProject
Project("{9A19103F-16F7-4668-BE54-9A1E7A4F7556}") = "H.Modules.Messages.Snack", "Source\Modules\H.Modules.Messages.Snack\H.Modules.Messages.Snack.csproj", "{8CD532E9-4BCC-4231-899E-D0F54BA7CC86}"
EndProject
Project("{2150E333-8FDC-42A3-9474-1A3956D46DE8}") = "Messages", "Messages", "{CC8F84E6-925C-4D45-8A46-69B69E7F2CD6}"
EndProject
Project("{9A19103F-16F7-4668-BE54-9A1E7A4F7556}") = "H.Modules.Guide", "Source\Modules\H.Modules.Guide\H.Modules.Guide.csproj", "{2FB48DD8-E972-44F4-AD88-0FD7A9BE53ED}"
EndProject
Project("{9A19103F-16F7-4668-BE54-9A1E7A4F7556}") = "H.Controls.OrderBox", "Source\Controls\H.Controls.OrderBox\H.Controls.OrderBox.csproj", "{15FF8370-DA69-4CAF-BA8E-CCD84947F7EE}"
EndProject
Project("{9A19103F-16F7-4668-BE54-9A1E7A4F7556}") = "H.Extensions.XmlSerialize", "Source\Extensions\H.Extensions.XmlSerialize\H.Extensions.XmlSerialize.csproj", "{D8CC8556-B54B-483A-931A-11184E3E4601}"
EndProject
Project("{9A19103F-16F7-4668-BE54-9A1E7A4F7556}") = "H.Controls.Step", "Source\Controls\H.Controls.Step\H.Controls.Step.csproj", "{156B51FB-DC98-4470-9ED7-A10F8D080C1F}"
EndProject
Project("{9A19103F-16F7-4668-BE54-9A1E7A4F7556}") = "H.Extensions.Validation", "Source\Extensions\H.Extensions.Validation\H.Extensions.Validation.csproj", "{44AFCC48-8989-4A65-A5AC-D5C9FD59A5C8}"
EndProject
Project("{9A19103F-16F7-4668-BE54-9A1E7A4F7556}") = "H.Controls.TreeListView", "Source\Controls\H.Controls.TreeListView\H.Controls.TreeListView.csproj", "{0B33FB6F-26D7-4749-837D-23E0F6D5D8E9}"
EndProject
Global
	GlobalSection(SolutionConfigurationPlatforms) = preSolution
		Debug|Any CPU = Debug|Any CPU
		Release|Any CPU = Release|Any CPU
	EndGlobalSection
	GlobalSection(ProjectConfigurationPlatforms) = postSolution
		{44BC83C0-C598-47D6-8C55-243942C42B67}.Debug|Any CPU.ActiveCfg = Debug|Any CPU
		{44BC83C0-C598-47D6-8C55-243942C42B67}.Debug|Any CPU.Build.0 = Debug|Any CPU
		{44BC83C0-C598-47D6-8C55-243942C42B67}.Release|Any CPU.ActiveCfg = Release|Any CPU
		{44BC83C0-C598-47D6-8C55-243942C42B67}.Release|Any CPU.Build.0 = Release|Any CPU
		{2E2B7135-5142-4AAD-950F-9197A5E3D7F3}.Debug|Any CPU.ActiveCfg = Debug|Any CPU
		{2E2B7135-5142-4AAD-950F-9197A5E3D7F3}.Debug|Any CPU.Build.0 = Debug|Any CPU
		{2E2B7135-5142-4AAD-950F-9197A5E3D7F3}.Release|Any CPU.ActiveCfg = Release|Any CPU
		{2E2B7135-5142-4AAD-950F-9197A5E3D7F3}.Release|Any CPU.Build.0 = Release|Any CPU
		{8728250D-2B34-40DB-9B33-78A67C8E4254}.Debug|Any CPU.ActiveCfg = Debug|Any CPU
		{8728250D-2B34-40DB-9B33-78A67C8E4254}.Debug|Any CPU.Build.0 = Debug|Any CPU
		{8728250D-2B34-40DB-9B33-78A67C8E4254}.Release|Any CPU.ActiveCfg = Release|Any CPU
		{8728250D-2B34-40DB-9B33-78A67C8E4254}.Release|Any CPU.Build.0 = Release|Any CPU
		{8A21BE93-0281-4CC8-9854-E516545D0EF5}.Debug|Any CPU.ActiveCfg = Debug|Any CPU
		{8A21BE93-0281-4CC8-9854-E516545D0EF5}.Debug|Any CPU.Build.0 = Debug|Any CPU
		{8A21BE93-0281-4CC8-9854-E516545D0EF5}.Release|Any CPU.ActiveCfg = Release|Any CPU
		{8A21BE93-0281-4CC8-9854-E516545D0EF5}.Release|Any CPU.Build.0 = Release|Any CPU
		{56DBA47A-2B49-480E-A846-C1BC4CAF0BFF}.Debug|Any CPU.ActiveCfg = Debug|Any CPU
		{56DBA47A-2B49-480E-A846-C1BC4CAF0BFF}.Debug|Any CPU.Build.0 = Debug|Any CPU
		{56DBA47A-2B49-480E-A846-C1BC4CAF0BFF}.Release|Any CPU.ActiveCfg = Release|Any CPU
		{56DBA47A-2B49-480E-A846-C1BC4CAF0BFF}.Release|Any CPU.Build.0 = Release|Any CPU
		{EF7418AD-3869-476B-904D-94C975C167D4}.Debug|Any CPU.ActiveCfg = Debug|Any CPU
		{EF7418AD-3869-476B-904D-94C975C167D4}.Debug|Any CPU.Build.0 = Debug|Any CPU
		{EF7418AD-3869-476B-904D-94C975C167D4}.Release|Any CPU.ActiveCfg = Release|Any CPU
		{EF7418AD-3869-476B-904D-94C975C167D4}.Release|Any CPU.Build.0 = Release|Any CPU
		{D46F802B-E40C-48F8-8253-B5C4826F9836}.Debug|Any CPU.ActiveCfg = Debug|Any CPU
		{D46F802B-E40C-48F8-8253-B5C4826F9836}.Debug|Any CPU.Build.0 = Debug|Any CPU
		{D46F802B-E40C-48F8-8253-B5C4826F9836}.Release|Any CPU.ActiveCfg = Release|Any CPU
		{D46F802B-E40C-48F8-8253-B5C4826F9836}.Release|Any CPU.Build.0 = Release|Any CPU
		{4AD4D6A4-5D5D-4922-8FDF-9B47142E5CFF}.Debug|Any CPU.ActiveCfg = Debug|Any CPU
		{4AD4D6A4-5D5D-4922-8FDF-9B47142E5CFF}.Debug|Any CPU.Build.0 = Debug|Any CPU
		{4AD4D6A4-5D5D-4922-8FDF-9B47142E5CFF}.Release|Any CPU.ActiveCfg = Release|Any CPU
		{4AD4D6A4-5D5D-4922-8FDF-9B47142E5CFF}.Release|Any CPU.Build.0 = Release|Any CPU
		{ACF03BA8-7B19-4210-B441-602133D0A43B}.Debug|Any CPU.ActiveCfg = Debug|Any CPU
		{ACF03BA8-7B19-4210-B441-602133D0A43B}.Debug|Any CPU.Build.0 = Debug|Any CPU
		{ACF03BA8-7B19-4210-B441-602133D0A43B}.Release|Any CPU.ActiveCfg = Release|Any CPU
		{ACF03BA8-7B19-4210-B441-602133D0A43B}.Release|Any CPU.Build.0 = Release|Any CPU
		{AF5CF051-DFAB-4724-9E40-D90E3D5F03B7}.Debug|Any CPU.ActiveCfg = Debug|Any CPU
		{AF5CF051-DFAB-4724-9E40-D90E3D5F03B7}.Debug|Any CPU.Build.0 = Debug|Any CPU
		{AF5CF051-DFAB-4724-9E40-D90E3D5F03B7}.Release|Any CPU.ActiveCfg = Release|Any CPU
		{AF5CF051-DFAB-4724-9E40-D90E3D5F03B7}.Release|Any CPU.Build.0 = Release|Any CPU
		{278A266F-4D99-41FC-937F-B14084A61E6C}.Debug|Any CPU.ActiveCfg = Debug|Any CPU
		{278A266F-4D99-41FC-937F-B14084A61E6C}.Debug|Any CPU.Build.0 = Debug|Any CPU
		{278A266F-4D99-41FC-937F-B14084A61E6C}.Release|Any CPU.ActiveCfg = Release|Any CPU
		{278A266F-4D99-41FC-937F-B14084A61E6C}.Release|Any CPU.Build.0 = Release|Any CPU
		{D34B214A-3946-4A4E-83C4-57501CABB8BC}.Debug|Any CPU.ActiveCfg = Debug|Any CPU
		{D34B214A-3946-4A4E-83C4-57501CABB8BC}.Debug|Any CPU.Build.0 = Debug|Any CPU
		{D34B214A-3946-4A4E-83C4-57501CABB8BC}.Release|Any CPU.ActiveCfg = Release|Any CPU
		{D34B214A-3946-4A4E-83C4-57501CABB8BC}.Release|Any CPU.Build.0 = Release|Any CPU
		{5EF118A3-1FDD-48DF-AF0E-16F1470C9011}.Debug|Any CPU.ActiveCfg = Debug|Any CPU
		{5EF118A3-1FDD-48DF-AF0E-16F1470C9011}.Debug|Any CPU.Build.0 = Debug|Any CPU
		{5EF118A3-1FDD-48DF-AF0E-16F1470C9011}.Release|Any CPU.ActiveCfg = Release|Any CPU
		{5EF118A3-1FDD-48DF-AF0E-16F1470C9011}.Release|Any CPU.Build.0 = Release|Any CPU
		{23A60556-25A8-40A1-8E51-6124CD1E1D91}.Debug|Any CPU.ActiveCfg = Debug|Any CPU
		{23A60556-25A8-40A1-8E51-6124CD1E1D91}.Debug|Any CPU.Build.0 = Debug|Any CPU
		{23A60556-25A8-40A1-8E51-6124CD1E1D91}.Release|Any CPU.ActiveCfg = Release|Any CPU
		{23A60556-25A8-40A1-8E51-6124CD1E1D91}.Release|Any CPU.Build.0 = Release|Any CPU
		{357FE1B4-44A1-4C70-8343-FB2E7A01B375}.Debug|Any CPU.ActiveCfg = Debug|Any CPU
		{357FE1B4-44A1-4C70-8343-FB2E7A01B375}.Debug|Any CPU.Build.0 = Debug|Any CPU
		{357FE1B4-44A1-4C70-8343-FB2E7A01B375}.Release|Any CPU.ActiveCfg = Release|Any CPU
		{357FE1B4-44A1-4C70-8343-FB2E7A01B375}.Release|Any CPU.Build.0 = Release|Any CPU
		{AAF5285C-F9B7-497D-9DDC-127BB1F35823}.Debug|Any CPU.ActiveCfg = Debug|Any CPU
		{AAF5285C-F9B7-497D-9DDC-127BB1F35823}.Debug|Any CPU.Build.0 = Debug|Any CPU
		{AAF5285C-F9B7-497D-9DDC-127BB1F35823}.Release|Any CPU.ActiveCfg = Release|Any CPU
		{AAF5285C-F9B7-497D-9DDC-127BB1F35823}.Release|Any CPU.Build.0 = Release|Any CPU
		{C53C2218-717F-4E4E-9F14-0F5690149909}.Debug|Any CPU.ActiveCfg = Debug|Any CPU
		{C53C2218-717F-4E4E-9F14-0F5690149909}.Debug|Any CPU.Build.0 = Debug|Any CPU
		{C53C2218-717F-4E4E-9F14-0F5690149909}.Release|Any CPU.ActiveCfg = Release|Any CPU
		{C53C2218-717F-4E4E-9F14-0F5690149909}.Release|Any CPU.Build.0 = Release|Any CPU
		{B985A54F-BCDF-48B9-9526-A0209673CB10}.Debug|Any CPU.ActiveCfg = Debug|Any CPU
		{B985A54F-BCDF-48B9-9526-A0209673CB10}.Debug|Any CPU.Build.0 = Debug|Any CPU
		{B985A54F-BCDF-48B9-9526-A0209673CB10}.Release|Any CPU.ActiveCfg = Release|Any CPU
		{B985A54F-BCDF-48B9-9526-A0209673CB10}.Release|Any CPU.Build.0 = Release|Any CPU
		{438B1CE6-596A-4165-BFCE-00228CCF5709}.Debug|Any CPU.ActiveCfg = Debug|Any CPU
		{438B1CE6-596A-4165-BFCE-00228CCF5709}.Debug|Any CPU.Build.0 = Debug|Any CPU
		{438B1CE6-596A-4165-BFCE-00228CCF5709}.Release|Any CPU.ActiveCfg = Release|Any CPU
		{438B1CE6-596A-4165-BFCE-00228CCF5709}.Release|Any CPU.Build.0 = Release|Any CPU
		{77D32129-E4AA-48FC-8896-E2EAD9BF96F1}.Debug|Any CPU.ActiveCfg = Debug|Any CPU
		{77D32129-E4AA-48FC-8896-E2EAD9BF96F1}.Debug|Any CPU.Build.0 = Debug|Any CPU
		{77D32129-E4AA-48FC-8896-E2EAD9BF96F1}.Release|Any CPU.ActiveCfg = Release|Any CPU
		{77D32129-E4AA-48FC-8896-E2EAD9BF96F1}.Release|Any CPU.Build.0 = Release|Any CPU
		{9199E209-D3CA-4231-A969-B5E98C60AA08}.Debug|Any CPU.ActiveCfg = Debug|Any CPU
		{9199E209-D3CA-4231-A969-B5E98C60AA08}.Debug|Any CPU.Build.0 = Debug|Any CPU
		{9199E209-D3CA-4231-A969-B5E98C60AA08}.Release|Any CPU.ActiveCfg = Release|Any CPU
		{9199E209-D3CA-4231-A969-B5E98C60AA08}.Release|Any CPU.Build.0 = Release|Any CPU
		{BC789E6F-F6E3-4940-88F7-B604D483AFB1}.Debug|Any CPU.ActiveCfg = Debug|Any CPU
		{BC789E6F-F6E3-4940-88F7-B604D483AFB1}.Debug|Any CPU.Build.0 = Debug|Any CPU
		{BC789E6F-F6E3-4940-88F7-B604D483AFB1}.Release|Any CPU.ActiveCfg = Release|Any CPU
		{BC789E6F-F6E3-4940-88F7-B604D483AFB1}.Release|Any CPU.Build.0 = Release|Any CPU
		{323EF8C2-1B1F-4887-BF16-47C08B3AB614}.Debug|Any CPU.ActiveCfg = Debug|Any CPU
		{323EF8C2-1B1F-4887-BF16-47C08B3AB614}.Debug|Any CPU.Build.0 = Debug|Any CPU
		{323EF8C2-1B1F-4887-BF16-47C08B3AB614}.Release|Any CPU.ActiveCfg = Release|Any CPU
		{323EF8C2-1B1F-4887-BF16-47C08B3AB614}.Release|Any CPU.Build.0 = Release|Any CPU
		{6D046609-E0F5-42B6-B46F-55134FCD5934}.Debug|Any CPU.ActiveCfg = Debug|Any CPU
		{6D046609-E0F5-42B6-B46F-55134FCD5934}.Debug|Any CPU.Build.0 = Debug|Any CPU
		{6D046609-E0F5-42B6-B46F-55134FCD5934}.Release|Any CPU.ActiveCfg = Release|Any CPU
		{6D046609-E0F5-42B6-B46F-55134FCD5934}.Release|Any CPU.Build.0 = Release|Any CPU
		{2BC59AD9-EBFC-4D1A-AF8C-C1516E903760}.Debug|Any CPU.ActiveCfg = Debug|Any CPU
		{2BC59AD9-EBFC-4D1A-AF8C-C1516E903760}.Debug|Any CPU.Build.0 = Debug|Any CPU
		{2BC59AD9-EBFC-4D1A-AF8C-C1516E903760}.Release|Any CPU.ActiveCfg = Release|Any CPU
		{2BC59AD9-EBFC-4D1A-AF8C-C1516E903760}.Release|Any CPU.Build.0 = Release|Any CPU
		{22F4046B-62DA-4C26-A56A-B078BB5311AC}.Debug|Any CPU.ActiveCfg = Debug|Any CPU
		{22F4046B-62DA-4C26-A56A-B078BB5311AC}.Debug|Any CPU.Build.0 = Debug|Any CPU
		{22F4046B-62DA-4C26-A56A-B078BB5311AC}.Release|Any CPU.ActiveCfg = Release|Any CPU
		{22F4046B-62DA-4C26-A56A-B078BB5311AC}.Release|Any CPU.Build.0 = Release|Any CPU
		{E6E7796A-122F-496F-AB69-4A95F1A30BF8}.Debug|Any CPU.ActiveCfg = Debug|Any CPU
		{E6E7796A-122F-496F-AB69-4A95F1A30BF8}.Debug|Any CPU.Build.0 = Debug|Any CPU
		{E6E7796A-122F-496F-AB69-4A95F1A30BF8}.Release|Any CPU.ActiveCfg = Release|Any CPU
		{E6E7796A-122F-496F-AB69-4A95F1A30BF8}.Release|Any CPU.Build.0 = Release|Any CPU
		{9DAF1181-3E64-4B12-896D-B07209072EF2}.Debug|Any CPU.ActiveCfg = Debug|Any CPU
		{9DAF1181-3E64-4B12-896D-B07209072EF2}.Debug|Any CPU.Build.0 = Debug|Any CPU
		{9DAF1181-3E64-4B12-896D-B07209072EF2}.Release|Any CPU.ActiveCfg = Release|Any CPU
		{9DAF1181-3E64-4B12-896D-B07209072EF2}.Release|Any CPU.Build.0 = Release|Any CPU
		{5D089BCB-131D-4B5C-842E-C60C3E403B70}.Debug|Any CPU.ActiveCfg = Debug|Any CPU
		{5D089BCB-131D-4B5C-842E-C60C3E403B70}.Debug|Any CPU.Build.0 = Debug|Any CPU
		{5D089BCB-131D-4B5C-842E-C60C3E403B70}.Release|Any CPU.ActiveCfg = Release|Any CPU
		{5D089BCB-131D-4B5C-842E-C60C3E403B70}.Release|Any CPU.Build.0 = Release|Any CPU
		{C4A54372-252A-4C32-819E-480D418967C7}.Debug|Any CPU.ActiveCfg = Debug|Any CPU
		{C4A54372-252A-4C32-819E-480D418967C7}.Debug|Any CPU.Build.0 = Debug|Any CPU
		{C4A54372-252A-4C32-819E-480D418967C7}.Release|Any CPU.ActiveCfg = Release|Any CPU
		{C4A54372-252A-4C32-819E-480D418967C7}.Release|Any CPU.Build.0 = Release|Any CPU
		{00840167-6949-4BDD-BF5E-FC78FF0190F6}.Debug|Any CPU.ActiveCfg = Debug|Any CPU
		{00840167-6949-4BDD-BF5E-FC78FF0190F6}.Debug|Any CPU.Build.0 = Debug|Any CPU
		{00840167-6949-4BDD-BF5E-FC78FF0190F6}.Release|Any CPU.ActiveCfg = Release|Any CPU
		{00840167-6949-4BDD-BF5E-FC78FF0190F6}.Release|Any CPU.Build.0 = Release|Any CPU
		{2DB3B438-B8F3-4D43-93ED-1DB6E94EEEA8}.Debug|Any CPU.ActiveCfg = Debug|Any CPU
		{2DB3B438-B8F3-4D43-93ED-1DB6E94EEEA8}.Debug|Any CPU.Build.0 = Debug|Any CPU
		{2DB3B438-B8F3-4D43-93ED-1DB6E94EEEA8}.Release|Any CPU.ActiveCfg = Release|Any CPU
		{2DB3B438-B8F3-4D43-93ED-1DB6E94EEEA8}.Release|Any CPU.Build.0 = Release|Any CPU
		{1AE0A6D5-4058-45AF-ADD1-964217A69E08}.Debug|Any CPU.ActiveCfg = Debug|Any CPU
		{1AE0A6D5-4058-45AF-ADD1-964217A69E08}.Debug|Any CPU.Build.0 = Debug|Any CPU
		{1AE0A6D5-4058-45AF-ADD1-964217A69E08}.Release|Any CPU.ActiveCfg = Release|Any CPU
		{1AE0A6D5-4058-45AF-ADD1-964217A69E08}.Release|Any CPU.Build.0 = Release|Any CPU
		{FD46B6AD-7614-4503-BF9A-20F0BF158A4E}.Debug|Any CPU.ActiveCfg = Debug|Any CPU
		{FD46B6AD-7614-4503-BF9A-20F0BF158A4E}.Debug|Any CPU.Build.0 = Debug|Any CPU
		{FD46B6AD-7614-4503-BF9A-20F0BF158A4E}.Release|Any CPU.ActiveCfg = Release|Any CPU
		{FD46B6AD-7614-4503-BF9A-20F0BF158A4E}.Release|Any CPU.Build.0 = Release|Any CPU
		{8470E92D-AB74-4A7D-9415-FDF560B25E41}.Debug|Any CPU.ActiveCfg = Debug|Any CPU
		{8470E92D-AB74-4A7D-9415-FDF560B25E41}.Debug|Any CPU.Build.0 = Debug|Any CPU
		{8470E92D-AB74-4A7D-9415-FDF560B25E41}.Release|Any CPU.ActiveCfg = Release|Any CPU
		{8470E92D-AB74-4A7D-9415-FDF560B25E41}.Release|Any CPU.Build.0 = Release|Any CPU
		{183CE3D1-BAC8-40E1-9531-9448F39D510C}.Debug|Any CPU.ActiveCfg = Debug|Any CPU
		{183CE3D1-BAC8-40E1-9531-9448F39D510C}.Debug|Any CPU.Build.0 = Debug|Any CPU
		{183CE3D1-BAC8-40E1-9531-9448F39D510C}.Release|Any CPU.ActiveCfg = Release|Any CPU
		{183CE3D1-BAC8-40E1-9531-9448F39D510C}.Release|Any CPU.Build.0 = Release|Any CPU
		{2F0D8537-14D7-4520-A18C-A279675E67DD}.Debug|Any CPU.ActiveCfg = Debug|Any CPU
		{2F0D8537-14D7-4520-A18C-A279675E67DD}.Debug|Any CPU.Build.0 = Debug|Any CPU
		{2F0D8537-14D7-4520-A18C-A279675E67DD}.Release|Any CPU.ActiveCfg = Release|Any CPU
		{2F0D8537-14D7-4520-A18C-A279675E67DD}.Release|Any CPU.Build.0 = Release|Any CPU
		{85D2A482-92C3-4F96-9A9A-6D3D41F855B3}.Debug|Any CPU.ActiveCfg = Debug|Any CPU
		{85D2A482-92C3-4F96-9A9A-6D3D41F855B3}.Debug|Any CPU.Build.0 = Debug|Any CPU
		{85D2A482-92C3-4F96-9A9A-6D3D41F855B3}.Release|Any CPU.ActiveCfg = Release|Any CPU
		{85D2A482-92C3-4F96-9A9A-6D3D41F855B3}.Release|Any CPU.Build.0 = Release|Any CPU
		{A2C0116D-C9FD-43CB-A8DC-A2CAB95A5CC0}.Debug|Any CPU.ActiveCfg = Debug|Any CPU
		{A2C0116D-C9FD-43CB-A8DC-A2CAB95A5CC0}.Debug|Any CPU.Build.0 = Debug|Any CPU
		{A2C0116D-C9FD-43CB-A8DC-A2CAB95A5CC0}.Release|Any CPU.ActiveCfg = Release|Any CPU
		{A2C0116D-C9FD-43CB-A8DC-A2CAB95A5CC0}.Release|Any CPU.Build.0 = Release|Any CPU
		{14FDBE70-7A65-4760-992C-4A06031796FA}.Debug|Any CPU.ActiveCfg = Debug|Any CPU
		{14FDBE70-7A65-4760-992C-4A06031796FA}.Debug|Any CPU.Build.0 = Debug|Any CPU
		{14FDBE70-7A65-4760-992C-4A06031796FA}.Release|Any CPU.ActiveCfg = Release|Any CPU
		{14FDBE70-7A65-4760-992C-4A06031796FA}.Release|Any CPU.Build.0 = Release|Any CPU
		{66E37C42-2D95-45C9-8A80-8154209290DF}.Debug|Any CPU.ActiveCfg = Debug|Any CPU
		{66E37C42-2D95-45C9-8A80-8154209290DF}.Debug|Any CPU.Build.0 = Debug|Any CPU
		{66E37C42-2D95-45C9-8A80-8154209290DF}.Release|Any CPU.ActiveCfg = Release|Any CPU
		{66E37C42-2D95-45C9-8A80-8154209290DF}.Release|Any CPU.Build.0 = Release|Any CPU
		{01E2ABAF-2D65-480A-95E6-A30B1ECF0190}.Debug|Any CPU.ActiveCfg = Debug|Any CPU
		{01E2ABAF-2D65-480A-95E6-A30B1ECF0190}.Debug|Any CPU.Build.0 = Debug|Any CPU
		{01E2ABAF-2D65-480A-95E6-A30B1ECF0190}.Release|Any CPU.ActiveCfg = Release|Any CPU
		{01E2ABAF-2D65-480A-95E6-A30B1ECF0190}.Release|Any CPU.Build.0 = Release|Any CPU
		{765FD9AC-AAF0-4EE0-92EA-1351C4A66363}.Debug|Any CPU.ActiveCfg = Debug|Any CPU
		{765FD9AC-AAF0-4EE0-92EA-1351C4A66363}.Debug|Any CPU.Build.0 = Debug|Any CPU
		{765FD9AC-AAF0-4EE0-92EA-1351C4A66363}.Release|Any CPU.ActiveCfg = Release|Any CPU
		{765FD9AC-AAF0-4EE0-92EA-1351C4A66363}.Release|Any CPU.Build.0 = Release|Any CPU
		{103800A6-D5F1-4024-AB2E-660A887EFF8B}.Debug|Any CPU.ActiveCfg = Debug|Any CPU
		{103800A6-D5F1-4024-AB2E-660A887EFF8B}.Debug|Any CPU.Build.0 = Debug|Any CPU
		{103800A6-D5F1-4024-AB2E-660A887EFF8B}.Release|Any CPU.ActiveCfg = Release|Any CPU
		{103800A6-D5F1-4024-AB2E-660A887EFF8B}.Release|Any CPU.Build.0 = Release|Any CPU
		{4A06E3CB-8526-4F56-91D9-7AA75956FC54}.Debug|Any CPU.ActiveCfg = Debug|Any CPU
		{4A06E3CB-8526-4F56-91D9-7AA75956FC54}.Debug|Any CPU.Build.0 = Debug|Any CPU
		{4A06E3CB-8526-4F56-91D9-7AA75956FC54}.Release|Any CPU.ActiveCfg = Release|Any CPU
		{4A06E3CB-8526-4F56-91D9-7AA75956FC54}.Release|Any CPU.Build.0 = Release|Any CPU
		{F1AF2F97-9746-455B-9F2D-9D886A5D43BF}.Debug|Any CPU.ActiveCfg = Debug|Any CPU
		{F1AF2F97-9746-455B-9F2D-9D886A5D43BF}.Debug|Any CPU.Build.0 = Debug|Any CPU
		{F1AF2F97-9746-455B-9F2D-9D886A5D43BF}.Release|Any CPU.ActiveCfg = Release|Any CPU
		{F1AF2F97-9746-455B-9F2D-9D886A5D43BF}.Release|Any CPU.Build.0 = Release|Any CPU
		{49C5D70F-C0BC-4733-ACAF-B434B1540077}.Debug|Any CPU.ActiveCfg = Debug|Any CPU
		{49C5D70F-C0BC-4733-ACAF-B434B1540077}.Debug|Any CPU.Build.0 = Debug|Any CPU
		{49C5D70F-C0BC-4733-ACAF-B434B1540077}.Release|Any CPU.ActiveCfg = Release|Any CPU
		{49C5D70F-C0BC-4733-ACAF-B434B1540077}.Release|Any CPU.Build.0 = Release|Any CPU
		{6ED5EB10-CBCF-4A7C-81A4-3B52C32DB7A8}.Debug|Any CPU.ActiveCfg = Debug|Any CPU
		{6ED5EB10-CBCF-4A7C-81A4-3B52C32DB7A8}.Debug|Any CPU.Build.0 = Debug|Any CPU
		{6ED5EB10-CBCF-4A7C-81A4-3B52C32DB7A8}.Release|Any CPU.ActiveCfg = Release|Any CPU
		{6ED5EB10-CBCF-4A7C-81A4-3B52C32DB7A8}.Release|Any CPU.Build.0 = Release|Any CPU
		{D72BED3C-0AAD-45A2-BCEB-36224FA517F4}.Debug|Any CPU.ActiveCfg = Debug|Any CPU
		{D72BED3C-0AAD-45A2-BCEB-36224FA517F4}.Debug|Any CPU.Build.0 = Debug|Any CPU
		{D72BED3C-0AAD-45A2-BCEB-36224FA517F4}.Release|Any CPU.ActiveCfg = Release|Any CPU
		{D72BED3C-0AAD-45A2-BCEB-36224FA517F4}.Release|Any CPU.Build.0 = Release|Any CPU
		{C5C407A4-163F-4C9C-BDD1-2C60F69D796C}.Debug|Any CPU.ActiveCfg = Debug|Any CPU
		{C5C407A4-163F-4C9C-BDD1-2C60F69D796C}.Debug|Any CPU.Build.0 = Debug|Any CPU
		{C5C407A4-163F-4C9C-BDD1-2C60F69D796C}.Release|Any CPU.ActiveCfg = Release|Any CPU
		{C5C407A4-163F-4C9C-BDD1-2C60F69D796C}.Release|Any CPU.Build.0 = Release|Any CPU
		{151DB7CB-AC0D-459C-9F64-A108BB606095}.Debug|Any CPU.ActiveCfg = Debug|Any CPU
		{151DB7CB-AC0D-459C-9F64-A108BB606095}.Debug|Any CPU.Build.0 = Debug|Any CPU
		{151DB7CB-AC0D-459C-9F64-A108BB606095}.Release|Any CPU.ActiveCfg = Release|Any CPU
		{151DB7CB-AC0D-459C-9F64-A108BB606095}.Release|Any CPU.Build.0 = Release|Any CPU
		{FEAC99AF-1A18-460C-A592-D4623216B219}.Debug|Any CPU.ActiveCfg = Debug|Any CPU
		{FEAC99AF-1A18-460C-A592-D4623216B219}.Debug|Any CPU.Build.0 = Debug|Any CPU
		{FEAC99AF-1A18-460C-A592-D4623216B219}.Release|Any CPU.ActiveCfg = Release|Any CPU
		{FEAC99AF-1A18-460C-A592-D4623216B219}.Release|Any CPU.Build.0 = Release|Any CPU
		{5321A0D8-2231-4E28-BB95-8B7E8FFC897D}.Debug|Any CPU.ActiveCfg = Debug|Any CPU
		{5321A0D8-2231-4E28-BB95-8B7E8FFC897D}.Debug|Any CPU.Build.0 = Debug|Any CPU
		{5321A0D8-2231-4E28-BB95-8B7E8FFC897D}.Release|Any CPU.ActiveCfg = Release|Any CPU
		{5321A0D8-2231-4E28-BB95-8B7E8FFC897D}.Release|Any CPU.Build.0 = Release|Any CPU
		{99855F39-D134-44E9-AFB4-E4F28BB6F62D}.Debug|Any CPU.ActiveCfg = Debug|Any CPU
		{99855F39-D134-44E9-AFB4-E4F28BB6F62D}.Debug|Any CPU.Build.0 = Debug|Any CPU
		{99855F39-D134-44E9-AFB4-E4F28BB6F62D}.Release|Any CPU.ActiveCfg = Release|Any CPU
		{99855F39-D134-44E9-AFB4-E4F28BB6F62D}.Release|Any CPU.Build.0 = Release|Any CPU
		{42639F78-5C5A-439C-8213-DC51685B7941}.Debug|Any CPU.ActiveCfg = Debug|Any CPU
		{42639F78-5C5A-439C-8213-DC51685B7941}.Debug|Any CPU.Build.0 = Debug|Any CPU
		{42639F78-5C5A-439C-8213-DC51685B7941}.Release|Any CPU.ActiveCfg = Release|Any CPU
		{42639F78-5C5A-439C-8213-DC51685B7941}.Release|Any CPU.Build.0 = Release|Any CPU
		{6A487FB0-9098-4D61-A7CA-A07B10163DCA}.Debug|Any CPU.ActiveCfg = Debug|Any CPU
		{6A487FB0-9098-4D61-A7CA-A07B10163DCA}.Debug|Any CPU.Build.0 = Debug|Any CPU
		{6A487FB0-9098-4D61-A7CA-A07B10163DCA}.Release|Any CPU.ActiveCfg = Release|Any CPU
		{6A487FB0-9098-4D61-A7CA-A07B10163DCA}.Release|Any CPU.Build.0 = Release|Any CPU
		{45831782-ECE2-44B7-9294-CCEBD0B24E4A}.Debug|Any CPU.ActiveCfg = Debug|Any CPU
		{45831782-ECE2-44B7-9294-CCEBD0B24E4A}.Debug|Any CPU.Build.0 = Debug|Any CPU
		{45831782-ECE2-44B7-9294-CCEBD0B24E4A}.Release|Any CPU.ActiveCfg = Release|Any CPU
		{45831782-ECE2-44B7-9294-CCEBD0B24E4A}.Release|Any CPU.Build.0 = Release|Any CPU
		{CCDA4DD8-D9DC-4575-B63F-CD27EBF52ACE}.Debug|Any CPU.ActiveCfg = Debug|Any CPU
		{CCDA4DD8-D9DC-4575-B63F-CD27EBF52ACE}.Debug|Any CPU.Build.0 = Debug|Any CPU
		{CCDA4DD8-D9DC-4575-B63F-CD27EBF52ACE}.Release|Any CPU.ActiveCfg = Release|Any CPU
		{CCDA4DD8-D9DC-4575-B63F-CD27EBF52ACE}.Release|Any CPU.Build.0 = Release|Any CPU
		{8CD532E9-4BCC-4231-899E-D0F54BA7CC86}.Debug|Any CPU.ActiveCfg = Debug|Any CPU
		{8CD532E9-4BCC-4231-899E-D0F54BA7CC86}.Debug|Any CPU.Build.0 = Debug|Any CPU
		{8CD532E9-4BCC-4231-899E-D0F54BA7CC86}.Release|Any CPU.ActiveCfg = Release|Any CPU
		{8CD532E9-4BCC-4231-899E-D0F54BA7CC86}.Release|Any CPU.Build.0 = Release|Any CPU
		{2FB48DD8-E972-44F4-AD88-0FD7A9BE53ED}.Debug|Any CPU.ActiveCfg = Debug|Any CPU
		{2FB48DD8-E972-44F4-AD88-0FD7A9BE53ED}.Debug|Any CPU.Build.0 = Debug|Any CPU
		{2FB48DD8-E972-44F4-AD88-0FD7A9BE53ED}.Release|Any CPU.ActiveCfg = Release|Any CPU
		{2FB48DD8-E972-44F4-AD88-0FD7A9BE53ED}.Release|Any CPU.Build.0 = Release|Any CPU
		{15FF8370-DA69-4CAF-BA8E-CCD84947F7EE}.Debug|Any CPU.ActiveCfg = Debug|Any CPU
		{15FF8370-DA69-4CAF-BA8E-CCD84947F7EE}.Debug|Any CPU.Build.0 = Debug|Any CPU
		{15FF8370-DA69-4CAF-BA8E-CCD84947F7EE}.Release|Any CPU.ActiveCfg = Release|Any CPU
		{15FF8370-DA69-4CAF-BA8E-CCD84947F7EE}.Release|Any CPU.Build.0 = Release|Any CPU
		{D8CC8556-B54B-483A-931A-11184E3E4601}.Debug|Any CPU.ActiveCfg = Debug|Any CPU
		{D8CC8556-B54B-483A-931A-11184E3E4601}.Debug|Any CPU.Build.0 = Debug|Any CPU
		{D8CC8556-B54B-483A-931A-11184E3E4601}.Release|Any CPU.ActiveCfg = Release|Any CPU
		{D8CC8556-B54B-483A-931A-11184E3E4601}.Release|Any CPU.Build.0 = Release|Any CPU
		{156B51FB-DC98-4470-9ED7-A10F8D080C1F}.Debug|Any CPU.ActiveCfg = Debug|Any CPU
		{156B51FB-DC98-4470-9ED7-A10F8D080C1F}.Debug|Any CPU.Build.0 = Debug|Any CPU
		{156B51FB-DC98-4470-9ED7-A10F8D080C1F}.Release|Any CPU.ActiveCfg = Release|Any CPU
		{156B51FB-DC98-4470-9ED7-A10F8D080C1F}.Release|Any CPU.Build.0 = Release|Any CPU
		{44AFCC48-8989-4A65-A5AC-D5C9FD59A5C8}.Debug|Any CPU.ActiveCfg = Debug|Any CPU
		{44AFCC48-8989-4A65-A5AC-D5C9FD59A5C8}.Debug|Any CPU.Build.0 = Debug|Any CPU
		{44AFCC48-8989-4A65-A5AC-D5C9FD59A5C8}.Release|Any CPU.ActiveCfg = Release|Any CPU
		{44AFCC48-8989-4A65-A5AC-D5C9FD59A5C8}.Release|Any CPU.Build.0 = Release|Any CPU
		{0B33FB6F-26D7-4749-837D-23E0F6D5D8E9}.Debug|Any CPU.ActiveCfg = Debug|Any CPU
		{0B33FB6F-26D7-4749-837D-23E0F6D5D8E9}.Debug|Any CPU.Build.0 = Debug|Any CPU
		{0B33FB6F-26D7-4749-837D-23E0F6D5D8E9}.Release|Any CPU.ActiveCfg = Release|Any CPU
		{0B33FB6F-26D7-4749-837D-23E0F6D5D8E9}.Release|Any CPU.Build.0 = Release|Any CPU
	EndGlobalSection
	GlobalSection(SolutionProperties) = preSolution
		HideSolutionNode = FALSE
	EndGlobalSection
	GlobalSection(NestedProjects) = preSolution
		{44BC83C0-C598-47D6-8C55-243942C42B67} = {09F8FD00-E76A-4D72-AAB4-7FA06DBE12D4}
		{2E2B7135-5142-4AAD-950F-9197A5E3D7F3} = {281CB212-771A-413C-B839-2852631897FD}
		{8728250D-2B34-40DB-9B33-78A67C8E4254} = {281CB212-771A-413C-B839-2852631897FD}
		{8A21BE93-0281-4CC8-9854-E516545D0EF5} = {27F6EA0F-3811-4403-9599-3B436A5EC502}
		{56DBA47A-2B49-480E-A846-C1BC4CAF0BFF} = {27F6EA0F-3811-4403-9599-3B436A5EC502}
		{EF7418AD-3869-476B-904D-94C975C167D4} = {93892A11-5FF0-4EB2-AA73-F330E1F9515E}
		{D46F802B-E40C-48F8-8253-B5C4826F9836} = {64C710EF-95D0-4811-A72E-58B2AC79E2B8}
		{4AD4D6A4-5D5D-4922-8FDF-9B47142E5CFF} = {203DE0AB-C024-4C35-8D50-9EA0720F7CE4}
		{ACF03BA8-7B19-4210-B441-602133D0A43B} = {27F6EA0F-3811-4403-9599-3B436A5EC502}
		{AF5CF051-DFAB-4724-9E40-D90E3D5F03B7} = {93892A11-5FF0-4EB2-AA73-F330E1F9515E}
		{278A266F-4D99-41FC-937F-B14084A61E6C} = {09F8FD00-E76A-4D72-AAB4-7FA06DBE12D4}
		{D34B214A-3946-4A4E-83C4-57501CABB8BC} = {9E63ED70-6F96-4CB2-8B9D-EAEC77D0548E}
		{5EF118A3-1FDD-48DF-AF0E-16F1470C9011} = {9E63ED70-6F96-4CB2-8B9D-EAEC77D0548E}
		{23A60556-25A8-40A1-8E51-6124CD1E1D91} = {B5FE7036-B316-4FC3-81E8-00BD6C76784D}
		{357FE1B4-44A1-4C70-8343-FB2E7A01B375} = {9E63ED70-6F96-4CB2-8B9D-EAEC77D0548E}
		{AAF5285C-F9B7-497D-9DDC-127BB1F35823} = {27F6EA0F-3811-4403-9599-3B436A5EC502}
		{C53C2218-717F-4E4E-9F14-0F5690149909} = {09F8FD00-E76A-4D72-AAB4-7FA06DBE12D4}
		{57A367B1-94F1-4131-B593-46BE2CD7C1C0} = {9B3B0248-156A-4E40-AF67-7537BBD5BF13}
		{B985A54F-BCDF-48B9-9526-A0209673CB10} = {9B3B0248-156A-4E40-AF67-7537BBD5BF13}
		{438B1CE6-596A-4165-BFCE-00228CCF5709} = {9E63ED70-6F96-4CB2-8B9D-EAEC77D0548E}
		{77D32129-E4AA-48FC-8896-E2EAD9BF96F1} = {9B3B0248-156A-4E40-AF67-7537BBD5BF13}
		{9199E209-D3CA-4231-A969-B5E98C60AA08} = {09F8FD00-E76A-4D72-AAB4-7FA06DBE12D4}
		{BC789E6F-F6E3-4940-88F7-B604D483AFB1} = {09F8FD00-E76A-4D72-AAB4-7FA06DBE12D4}
		{323EF8C2-1B1F-4887-BF16-47C08B3AB614} = {B5FE7036-B316-4FC3-81E8-00BD6C76784D}
		{6D046609-E0F5-42B6-B46F-55134FCD5934} = {9E63ED70-6F96-4CB2-8B9D-EAEC77D0548E}
		{2BC59AD9-EBFC-4D1A-AF8C-C1516E903760} = {E7DACF41-3711-495C-A159-B30213B3CA3D}
		{22F4046B-62DA-4C26-A56A-B078BB5311AC} = {27F6EA0F-3811-4403-9599-3B436A5EC502}
		{E6E7796A-122F-496F-AB69-4A95F1A30BF8} = {09F8FD00-E76A-4D72-AAB4-7FA06DBE12D4}
		{9DAF1181-3E64-4B12-896D-B07209072EF2} = {09F8FD00-E76A-4D72-AAB4-7FA06DBE12D4}
		{5D089BCB-131D-4B5C-842E-C60C3E403B70} = {09F8FD00-E76A-4D72-AAB4-7FA06DBE12D4}
		{C4A54372-252A-4C32-819E-480D418967C7} = {09F8FD00-E76A-4D72-AAB4-7FA06DBE12D4}
		{00840167-6949-4BDD-BF5E-FC78FF0190F6} = {09F8FD00-E76A-4D72-AAB4-7FA06DBE12D4}
		{2DB3B438-B8F3-4D43-93ED-1DB6E94EEEA8} = {9E63ED70-6F96-4CB2-8B9D-EAEC77D0548E}
		{1AE0A6D5-4058-45AF-ADD1-964217A69E08} = {9E63ED70-6F96-4CB2-8B9D-EAEC77D0548E}
		{FD46B6AD-7614-4503-BF9A-20F0BF158A4E} = {281CB212-771A-413C-B839-2852631897FD}
		{8470E92D-AB74-4A7D-9415-FDF560B25E41} = {9E63ED70-6F96-4CB2-8B9D-EAEC77D0548E}
		{183CE3D1-BAC8-40E1-9531-9448F39D510C} = {9E63ED70-6F96-4CB2-8B9D-EAEC77D0548E}
		{2F0D8537-14D7-4520-A18C-A279675E67DD} = {9E63ED70-6F96-4CB2-8B9D-EAEC77D0548E}
		{85D2A482-92C3-4F96-9A9A-6D3D41F855B3} = {09F8FD00-E76A-4D72-AAB4-7FA06DBE12D4}
		{A2C0116D-C9FD-43CB-A8DC-A2CAB95A5CC0} = {27F6EA0F-3811-4403-9599-3B436A5EC502}
		{14FDBE70-7A65-4760-992C-4A06031796FA} = {27F6EA0F-3811-4403-9599-3B436A5EC502}
		{66E37C42-2D95-45C9-8A80-8154209290DF} = {09F8FD00-E76A-4D72-AAB4-7FA06DBE12D4}
		{01E2ABAF-2D65-480A-95E6-A30B1ECF0190} = {9E63ED70-6F96-4CB2-8B9D-EAEC77D0548E}
		{765FD9AC-AAF0-4EE0-92EA-1351C4A66363} = {09F8FD00-E76A-4D72-AAB4-7FA06DBE12D4}
		{103800A6-D5F1-4024-AB2E-660A887EFF8B} = {9E63ED70-6F96-4CB2-8B9D-EAEC77D0548E}
		{4A06E3CB-8526-4F56-91D9-7AA75956FC54} = {9E63ED70-6F96-4CB2-8B9D-EAEC77D0548E}
		{F1AF2F97-9746-455B-9F2D-9D886A5D43BF} = {9E63ED70-6F96-4CB2-8B9D-EAEC77D0548E}
		{49C5D70F-C0BC-4733-ACAF-B434B1540077} = {9E63ED70-6F96-4CB2-8B9D-EAEC77D0548E}
		{6ED5EB10-CBCF-4A7C-81A4-3B52C32DB7A8} = {9E63ED70-6F96-4CB2-8B9D-EAEC77D0548E}
		{D72BED3C-0AAD-45A2-BCEB-36224FA517F4} = {09F8FD00-E76A-4D72-AAB4-7FA06DBE12D4}
		{C5C407A4-163F-4C9C-BDD1-2C60F69D796C} = {09F8FD00-E76A-4D72-AAB4-7FA06DBE12D4}
		{151DB7CB-AC0D-459C-9F64-A108BB606095} = {27F6EA0F-3811-4403-9599-3B436A5EC502}
		{FEAC99AF-1A18-460C-A592-D4623216B219} = {09F8FD00-E76A-4D72-AAB4-7FA06DBE12D4}
		{5321A0D8-2231-4E28-BB95-8B7E8FFC897D} = {64C710EF-95D0-4811-A72E-58B2AC79E2B8}
		{99855F39-D134-44E9-AFB4-E4F28BB6F62D} = {64C710EF-95D0-4811-A72E-58B2AC79E2B8}
		{42639F78-5C5A-439C-8213-DC51685B7941} = {64C710EF-95D0-4811-A72E-58B2AC79E2B8}
		{6A487FB0-9098-4D61-A7CA-A07B10163DCA} = {CC8F84E6-925C-4D45-8A46-69B69E7F2CD6}
		{45831782-ECE2-44B7-9294-CCEBD0B24E4A} = {CC8F84E6-925C-4D45-8A46-69B69E7F2CD6}
		{CCDA4DD8-D9DC-4575-B63F-CD27EBF52ACE} = {CC8F84E6-925C-4D45-8A46-69B69E7F2CD6}
		{8CD532E9-4BCC-4231-899E-D0F54BA7CC86} = {CC8F84E6-925C-4D45-8A46-69B69E7F2CD6}
		{CC8F84E6-925C-4D45-8A46-69B69E7F2CD6} = {27F6EA0F-3811-4403-9599-3B436A5EC502}
		{2FB48DD8-E972-44F4-AD88-0FD7A9BE53ED} = {27F6EA0F-3811-4403-9599-3B436A5EC502}
		{15FF8370-DA69-4CAF-BA8E-CCD84947F7EE} = {9E63ED70-6F96-4CB2-8B9D-EAEC77D0548E}
		{D8CC8556-B54B-483A-931A-11184E3E4601} = {09F8FD00-E76A-4D72-AAB4-7FA06DBE12D4}
		{156B51FB-DC98-4470-9ED7-A10F8D080C1F} = {9E63ED70-6F96-4CB2-8B9D-EAEC77D0548E}
		{44AFCC48-8989-4A65-A5AC-D5C9FD59A5C8} = {09F8FD00-E76A-4D72-AAB4-7FA06DBE12D4}
		{0B33FB6F-26D7-4749-837D-23E0F6D5D8E9} = {9E63ED70-6F96-4CB2-8B9D-EAEC77D0548E}
	EndGlobalSection
	GlobalSection(ExtensibilityGlobals) = postSolution
		SolutionGuid = {DF825C3D-F4F4-4E62-BBFF-B42A5E81112F}
	EndGlobalSection
	GlobalSection(SharedMSBuildProjectFiles) = preSolution
		Source\DataBases\H.DataBases.Share\H.DataBases.Share.projitems*{57a367b1-94f1-4131-b593-46be2cd7c1c0}*SharedItemsImports = 13
		Source\DataBases\H.DataBases.Share\H.DataBases.Share.projitems*{77d32129-e4aa-48fc-8896-e2ead9bf96f1}*SharedItemsImports = 5
		Source\DataBases\H.DataBases.Share\H.DataBases.Share.projitems*{b985a54f-bcdf-48b9-9526-a0209673cb10}*SharedItemsImports = 5
	EndGlobalSection
EndGlobal
