
Microsoft Visual Studio Solution File, Format Version 12.00
# Visual Studio Version 17
VisualStudioVersion = 17.8.34525.116
MinimumVisualStudioVersion = 10.0.40219.1
Project("{2150E333-8FDC-42A3-9474-1A3956D46DE8}") = "1 - App", "1 - App", "{783CD0C5-4531-49B6-B2F4-B7B6C5907A14}"
EndProject
Project("{2150E333-8FDC-42A3-9474-1A3956D46DE8}") = "2 - Control", "2 - Control", "{E1EB64A0-9791-405C-BDF3-F50FC460556D}"
EndProject
Project("{9A19103F-16F7-4668-BE54-9A1E7A4F7556}") = "HeBianGu.Test.Diagram", "..\Source\App\HeBianGu.Test.Diagram\HeBianGu.Test.Diagram.csproj", "{C9465282-3DC4-4401-AAAC-A803204308DB}"
EndProject
Project("{9A19103F-16F7-4668-BE54-9A1E7A4F7556}") = "HeBianGu.Diagram.Presenter", "..\Source\Control\HeBianGu.Diagram.Presenter\HeBianGu.Diagram.Presenter.csproj", "{BF567346-7F2E-4944-9851-30697D20C74C}"
EndProject
Project("{9A19103F-16F7-4668-BE54-9A1E7A4F7556}") = "HeBianGu.Diagram.DrawingBox", "..\Source\Control\HeBianGu.Diagram.DrawingBox\HeBianGu.Diagram.DrawingBox.csproj", "{10D1DD27-1035-4B09-988D-A23C96286E30}"
EndProject
Project("{9A19103F-16F7-4668-BE54-9A1E7A4F7556}") = "HeBianGu.Diagram.Presenter.Workflow", "..\Source\Control\HeBianGu.Diagram.Presenter.Workflow\HeBianGu.Diagram.Presenter.Workflow.csproj", "{2EDC6C88-8E22-4B45-A994-26FB5F6C36A6}"
EndProject
Project("{9A19103F-16F7-4668-BE54-9A1E7A4F7556}") = "HeBianGu.Test.DiagramNuget", "..\Source\App\HeBianGu.Test.DiagramNuget\HeBianGu.Test.DiagramNuget.csproj", "{48355D9C-6B81-484C-B64B-D808C9146FDE}"
EndProject
Project("{2150E333-8FDC-42A3-9474-1A3956D46DE8}") = ".sln", ".sln", "{3A04E530-3B98-4BD0-9872-01EE7C312DEF}"
	ProjectSection(SolutionItems) = preProject
		..\Directory.Build.Props = ..\Directory.Build.Props
		..\LICENSE = ..\LICENSE
		..\README.md = ..\README.md
	EndProjectSection
EndProject
Global
	GlobalSection(SolutionConfigurationPlatforms) = preSolution
		Debug|Any CPU = Debug|Any CPU
		Release|Any CPU = Release|Any CPU
	EndGlobalSection
	GlobalSection(ProjectConfigurationPlatforms) = postSolution
		{C9465282-3DC4-4401-AAAC-A803204308DB}.Debug|Any CPU.ActiveCfg = Debug|Any CPU
		{C9465282-3DC4-4401-AAAC-A803204308DB}.Debug|Any CPU.Build.0 = Debug|Any CPU
		{C9465282-3DC4-4401-AAAC-A803204308DB}.Release|Any CPU.ActiveCfg = Release|Any CPU
		{C9465282-3DC4-4401-AAAC-A803204308DB}.Release|Any CPU.Build.0 = Release|Any CPU
		{BF567346-7F2E-4944-9851-30697D20C74C}.Debug|Any CPU.ActiveCfg = Debug|Any CPU
		{BF567346-7F2E-4944-9851-30697D20C74C}.Debug|Any CPU.Build.0 = Debug|Any CPU
		{BF567346-7F2E-4944-9851-30697D20C74C}.Release|Any CPU.ActiveCfg = Release|Any CPU
		{BF567346-7F2E-4944-9851-30697D20C74C}.Release|Any CPU.Build.0 = Release|Any CPU
		{10D1DD27-1035-4B09-988D-A23C96286E30}.Debug|Any CPU.ActiveCfg = Debug|Any CPU
		{10D1DD27-1035-4B09-988D-A23C96286E30}.Debug|Any CPU.Build.0 = Debug|Any CPU
		{10D1DD27-1035-4B09-988D-A23C96286E30}.Release|Any CPU.ActiveCfg = Release|Any CPU
		{10D1DD27-1035-4B09-988D-A23C96286E30}.Release|Any CPU.Build.0 = Release|Any CPU
		{2EDC6C88-8E22-4B45-A994-26FB5F6C36A6}.Debug|Any CPU.ActiveCfg = Debug|Any CPU
		{2EDC6C88-8E22-4B45-A994-26FB5F6C36A6}.Debug|Any CPU.Build.0 = Debug|Any CPU
		{2EDC6C88-8E22-4B45-A994-26FB5F6C36A6}.Release|Any CPU.ActiveCfg = Release|Any CPU
		{2EDC6C88-8E22-4B45-A994-26FB5F6C36A6}.Release|Any CPU.Build.0 = Release|Any CPU
		{48355D9C-6B81-484C-B64B-D808C9146FDE}.Debug|Any CPU.ActiveCfg = Debug|Any CPU
		{48355D9C-6B81-484C-B64B-D808C9146FDE}.Debug|Any CPU.Build.0 = Debug|Any CPU
		{48355D9C-6B81-484C-B64B-D808C9146FDE}.Release|Any CPU.ActiveCfg = Release|Any CPU
		{48355D9C-6B81-484C-B64B-D808C9146FDE}.Release|Any CPU.Build.0 = Release|Any CPU
	EndGlobalSection
	GlobalSection(SolutionProperties) = preSolution
		HideSolutionNode = FALSE
	EndGlobalSection
	GlobalSection(NestedProjects) = preSolution
		{C9465282-3DC4-4401-AAAC-A803204308DB} = {783CD0C5-4531-49B6-B2F4-B7B6C5907A14}
		{BF567346-7F2E-4944-9851-30697D20C74C} = {E1EB64A0-9791-405C-BDF3-F50FC460556D}
		{10D1DD27-1035-4B09-988D-A23C96286E30} = {E1EB64A0-9791-405C-BDF3-F50FC460556D}
		{2EDC6C88-8E22-4B45-A994-26FB5F6C36A6} = {E1EB64A0-9791-405C-BDF3-F50FC460556D}
		{48355D9C-6B81-484C-B64B-D808C9146FDE} = {783CD0C5-4531-49B6-B2F4-B7B6C5907A14}
	EndGlobalSection
	GlobalSection(ExtensibilityGlobals) = postSolution
		SolutionGuid = {E3209ADB-47D2-4CF4-9E58-C9732E823D6A}
	EndGlobalSection
EndGlobal
